
Microsoft Visual Studio Solution File, Format Version 12.00
# Visual Studio Version 17
VisualStudioVersion = 17.5.33516.290
MinimumVisualStudioVersion = 10.0.40219.1
Project("{FAE04EC0-301F-11D3-BF4B-00C04F79EFBC}") = "Mission14_API", "Mission14_API.csproj", "{B1CF8401-53D0-4F65-BC1E-3D42677015AE}"
EndProject
Global
	GlobalSection(SolutionConfigurationPlatforms) = preSolution
		Debug|Any CPU = Debug|Any CPU
		Release|Any CPU = Release|Any CPU
	EndGlobalSection
	GlobalSection(ProjectConfigurationPlatforms) = postSolution
		{B1CF8401-53D0-4F65-BC1E-3D42677015AE}.Debug|Any CPU.ActiveCfg = Debug|Any CPU
		{B1CF8401-53D0-4F65-BC1E-3D42677015AE}.Debug|Any CPU.Build.0 = Debug|Any CPU
		{B1CF8401-53D0-4F65-BC1E-3D42677015AE}.Release|Any CPU.ActiveCfg = Release|Any CPU
		{B1CF8401-53D0-4F65-BC1E-3D42677015AE}.Release|Any CPU.Build.0 = Release|Any CPU
	EndGlobalSection
	GlobalSection(SolutionProperties) = preSolution
		HideSolutionNode = FALSE
	EndGlobalSection
	GlobalSection(ExtensibilityGlobals) = postSolution
		SolutionGuid = {E9CAF2A9-F69F-4774-BC3E-6BB26E8C784A}
	EndGlobalSection
EndGlobal
